// !$*UTF8*$!
{
	archiveVersion = 1;
	classes = {
	};
	objectVersion = 77;
	objects = {

/* Begin PBXBuildFile section */
		AFB5BDD8305892E000728144 /* AppDelegate.swift in Sources */ = {isa = PBXBuildFile; fileRef = AFB5BDD7305892E000728144 /* AppDelegate.swift */; };
		AFB5BDDA305892E000728144 /* SceneDelegate.swift in Sources */ = {isa = PBXBuildFile; fileRef = AFB5BDD9305892E000728144 /* SceneDelegate.swift */; };
		AFB5BDDD305892E000728144 /* LaunchScreen.storyboard in Resources */ = {isa = PBXBuildFile; fileRef = AFB5BDDB305892E000728144 /* LaunchScreen.storyboard */; };
		AFB5BDE0305892E000728144 /* Main.storyboard in Resources */ = {isa = PBXBuildFile; fileRef = AFB5BDDE305892E000728144 /* Main.storyboard */; };
		AFB5BDE9305892E000728144 /* AppDelegate.swift in Sources */ = {isa = PBXBuildFile; fileRef = AFB5BDE8305892E000728144 /* AppDelegate.swift */; };
		AFB5BDEC305892E000728144 /* Main.storyboard in Resources */ = {isa = PBXBuildFile; fileRef = AFB5BDEA305892E000728144 /* Main.storyboard */; };
		AFB5BDF3305892E000728144 /* Cymbra Lingua Extension.appex in Embed Foundation Extensions */ = {isa = PBXBuildFile; fileRef = AFB5BDF2305892E000728144 /* Cymbra Lingua Extension.appex */; settings = {ATTRIBUTES = (RemoveHeadersOnCopy, ); }; };
		AFB5BDFD305892E000728144 /* Cymbra Lingua Extension.appex in Embed Foundation Extensions */ = {isa = PBXBuildFile; fileRef = AFB5BDFC305892E000728144 /* Cymbra Lingua Extension.appex */; settings = {ATTRIBUTES = (RemoveHeadersOnCopy, ); }; };
		AFB5BE02305892E000728144 /* Main.html in Resources */ = {isa = PBXBuildFile; fileRef = AFB5BDC7305892DF00728144 /* Main.html */; };
		AFB5BE03305892E000728144 /* Main.html in Resources */ = {isa = PBXBuildFile; fileRef = AFB5BDC7305892DF00728144 /* Main.html */; };
		AFB5BE04305892E000728144 /* Icon.png in Resources */ = {isa = PBXBuildFile; fileRef = AFB5BDC9305892DF00728144 /* Icon.png */; };
		AFB5BE05305892E000728144 /* Icon.png in Resources */ = {isa = PBXBuildFile; fileRef = AFB5BDC9305892DF00728144 /* Icon.png */; };
		AFB5BE06305892E000728144 /* Style.css in Resources */ = {isa = PBXBuildFile; fileRef = AFB5BDCA305892DF00728144 /* Style.css */; };
		AFB5BE07305892E000728144 /* Style.css in Resources */ = {isa = PBXBuildFile; fileRef = AFB5BDCA305892DF00728144 /* Style.css */; };
		AFB5BE08305892E000728144 /* Script.js in Resources */ = {isa = PBXBuildFile; fileRef = AFB5BDCB305892DF00728144 /* Script.js */; };
		AFB5BE09305892E000728144 /* Script.js in Resources */ = {isa = PBXBuildFile; fileRef = AFB5BDCB305892DF00728144 /* Script.js */; };
		AFB5BE0A305892E000728144 /* ViewController.swift in Sources */ = {isa = PBXBuildFile; fileRef = AFB5BDCC305892DF00728144 /* ViewController.swift */; };
		AFB5BE0B305892E000728144 /* ViewController.swift in Sources */ = {isa = PBXBuildFile; fileRef = AFB5BDCC305892DF00728144 /* ViewController.swift */; };
		AFB5BE0C305892E000728144 /* Assets.xcassets in Resources */ = {isa = PBXBuildFile; fileRef = AFB5BDCD305892E000728144 /* Assets.xcassets */; };
		AFB5BE0D305892E000728144 /* Assets.xcassets in Resources */ = {isa = PBXBuildFile; fileRef = AFB5BDCD305892E000728144 /* Assets.xcassets */; };
		AFB5BE0E305892E000728144 /* SafariWebExtensionHandler.swift in Sources */ = {isa = PBXBuildFile; fileRef = AFB5BDCF305892E000728144 /* SafariWebExtensionHandler.swift */; };
		AFB5BE0F305892E000728144 /* SafariWebExtensionHandler.swift in Sources */ = {isa = PBXBuildFile; fileRef = AFB5BDCF305892E000728144 /* SafariWebExtensionHandler.swift */; };
		AFB5BE83305892E000728144 /* LinguaSignIn in Frameworks */ = {isa = PBXBuildFile; productRef = AFB5BE81305892E000728144 /* LinguaSignIn */; };
		AFB5BE84305892E000728144 /* LinguaSignIn in Frameworks */ = {isa = PBXBuildFile; productRef = AFB5BE82305892E000728144 /* LinguaSignIn */; };
		AFB5BE86305892E000728144 /* SignInView.swift in Sources */ = {isa = PBXBuildFile; fileRef = AFB5BE85305892E000728144 /* SignInView.swift */; };
		AFB5BE87305892E000728144 /* SignInView.swift in Sources */ = {isa = PBXBuildFile; fileRef = AFB5BE85305892E000728144 /* SignInView.swift */; };
		AFB5BE8A305892E000728144 /* LinguaSignIn in Frameworks */ = {isa = PBXBuildFile; productRef = AFB5BE88305892E000728144 /* LinguaSignIn */; };
		AFB5BE8B305892E000728144 /* LinguaSignIn in Frameworks */ = {isa = PBXBuildFile; productRef = AFB5BE89305892E000728144 /* LinguaSignIn */; };
		AFB5BE8D305892E000728144 /* GoogleWebSignIn.swift in Sources */ = {isa = PBXBuildFile; fileRef = AFB5BE8C305892E000728144 /* GoogleWebSignIn.swift */; };
		AFB5BE8E305892E000728144 /* GoogleWebSignIn.swift in Sources */ = {isa = PBXBuildFile; fileRef = AFB5BE8C305892E000728144 /* GoogleWebSignIn.swift */; };
/* End PBXBuildFile section */

/* Begin PBXContainerItemProxy section */
		AFB5BDF4305892E000728144 /* PBXContainerItemProxy */ = {
			isa = PBXContainerItemProxy;
			containerPortal = AFB5BDC1305892DF00728144 /* Project object */;
			proxyType = 1;
			remoteGlobalIDString = AFB5BDF1305892E000728144;
			remoteInfo = "Cymbra Lingua Extension (iOS)";
		};
		AFB5BDFE305892E000728144 /* PBXContainerItemProxy */ = {
			isa = PBXContainerItemProxy;
			containerPortal = AFB5BDC1305892DF00728144 /* Project object */;
			proxyType = 1;
			remoteGlobalIDString = AFB5BDFB305892E000728144;
			remoteInfo = "Cymbra Lingua Extension (macOS)";
		};
/* End PBXContainerItemProxy section */

/* Begin PBXCopyFilesBuildPhase section */
		AFB5BE15305892E000728144 /* Embed Foundation Extensions */ = {
			isa = PBXCopyFilesBuildPhase;
			buildActionMask = 2147483647;
			dstPath = "";
			dstSubfolderSpec = 13;
			files = (
				AFB5BDF3305892E000728144 /* Cymbra Lingua Extension.appex in Embed Foundation Extensions */,
			);
			name = "Embed Foundation Extensions";
			runOnlyForDeploymentPostprocessing = 0;
		};
		AFB5BE1C305892E000728144 /* Embed Foundation Extensions */ = {
			isa = PBXCopyFilesBuildPhase;
			buildActionMask = 2147483647;
			dstPath = "";
			dstSubfolderSpec = 13;
			files = (
				AFB5BDFD305892E000728144 /* Cymbra Lingua Extension.appex in Embed Foundation Extensions */,
			);
			name = "Embed Foundation Extensions";
			runOnlyForDeploymentPostprocessing = 0;
		};
/* End PBXCopyFilesBuildPhase section */

/* Begin PBXFileReference section */
		AFB5BDC8305892DF00728144 /* Base */ = {isa = PBXFileReference; lastKnownFileType = text.html; name = Base; path = Base.lproj/Main.html; sourceTree = "<group>"; };
		AFB5BDC9305892DF00728144 /* Icon.png */ = {isa = PBXFileReference; lastKnownFileType = image.png; path = Icon.png; sourceTree = "<group>"; };
		AFB5BDCA305892DF00728144 /* Style.css */ = {isa = PBXFileReference; lastKnownFileType = text.css; path = Style.css; sourceTree = "<group>"; };
		AFB5BDCB305892DF00728144 /* Script.js */ = {isa = PBXFileReference; lastKnownFileType = sourcecode.javascript; path = Script.js; sourceTree = "<group>"; };
		AFB5BDCC305892DF00728144 /* ViewController.swift */ = {isa = PBXFileReference; lastKnownFileType = sourcecode.swift; path = ViewController.swift; sourceTree = "<group>"; };
		AFB5BDCD305892E000728144 /* Assets.xcassets */ = {isa = PBXFileReference; lastKnownFileType = folder.assetcatalog; path = Assets.xcassets; sourceTree = "<group>"; };
		AFB5BDCF305892E000728144 /* SafariWebExtensionHandler.swift */ = {isa = PBXFileReference; lastKnownFileType = sourcecode.swift; path = SafariWebExtensionHandler.swift; sourceTree = "<group>"; };
		AFB5BDD4305892E000728144 /* Cymbra Lingua.app */ = {isa = PBXFileReference; explicitFileType = wrapper.application; includeInIndex = 0; path = "Cymbra Lingua.app"; sourceTree = BUILT_PRODUCTS_DIR; };
		AFB5BDD7305892E000728144 /* AppDelegate.swift */ = {isa = PBXFileReference; lastKnownFileType = sourcecode.swift; path = AppDelegate.swift; sourceTree = "<group>"; };
		AFB5BDD9305892E000728144 /* SceneDelegate.swift */ = {isa = PBXFileReference; lastKnownFileType = sourcecode.swift; path = SceneDelegate.swift; sourceTree = "<group>"; };
		AFB5BDDC305892E000728144 /* Base */ = {isa = PBXFileReference; lastKnownFileType = file.storyboard; name = Base; path = Base.lproj/LaunchScreen.storyboard; sourceTree = "<group>"; };
		AFB5BDDF305892E000728144 /* Base */ = {isa = PBXFileReference; lastKnownFileType = file.storyboard; name = Base; path = Base.lproj/Main.storyboard; sourceTree = "<group>"; };
		AFB5BDE1305892E000728144 /* Info.plist */ = {isa = PBXFileReference; lastKnownFileType = text.plist.xml; path = Info.plist; sourceTree = "<group>"; };
		AFB5BDE6305892E000728144 /* Cymbra Lingua.app */ = {isa = PBXFileReference; explicitFileType = wrapper.application; includeInIndex = 0; path = "Cymbra Lingua.app"; sourceTree = BUILT_PRODUCTS_DIR; };
		AFB5BDE8305892E000728144 /* AppDelegate.swift */ = {isa = PBXFileReference; lastKnownFileType = sourcecode.swift; path = AppDelegate.swift; sourceTree = "<group>"; };
		AFB5BDEB305892E000728144 /* Base */ = {isa = PBXFileReference; lastKnownFileType = file.storyboard; name = Base; path = Base.lproj/Main.storyboard; sourceTree = "<group>"; };
		AFB5BDED305892E000728144 /* Info.plist */ = {isa = PBXFileReference; lastKnownFileType = text.plist.xml; path = Info.plist; sourceTree = "<group>"; };
		AFB5BDF2305892E000728144 /* Cymbra Lingua Extension.appex */ = {isa = PBXFileReference; explicitFileType = "wrapper.app-extension"; includeInIndex = 0; path = "Cymbra Lingua Extension.appex"; sourceTree = BUILT_PRODUCTS_DIR; };
		AFB5BDF7305892E000728144 /* Info.plist */ = {isa = PBXFileReference; lastKnownFileType = text.plist.xml; path = Info.plist; sourceTree = "<group>"; };
		AFB5BDFC305892E000728144 /* Cymbra Lingua Extension.appex */ = {isa = PBXFileReference; explicitFileType = "wrapper.app-extension"; includeInIndex = 0; path = "Cymbra Lingua Extension.appex"; sourceTree = BUILT_PRODUCTS_DIR; };
		AFB5BE01305892E000728144 /* Info.plist */ = {isa = PBXFileReference; lastKnownFileType = text.plist.xml; path = Info.plist; sourceTree = "<group>"; };
		AFB5BE85305892E000728144 /* SignInView.swift */ = {isa = PBXFileReference; lastKnownFileType = sourcecode.swift; path = SignInView.swift; sourceTree = "<group>"; };
		AFB5BE8C305892E000728144 /* GoogleWebSignIn.swift */ = {isa = PBXFileReference; lastKnownFileType = sourcecode.swift; path = GoogleWebSignIn.swift; sourceTree = "<group>"; };
/* End PBXFileReference section */

/* Begin PBXFrameworksBuildPhase section */
		AFB5BDD1305892E000728144 /* Frameworks */ = {
			isa = PBXFrameworksBuildPhase;
			buildActionMask = 2147483647;
			files = (
				AFB5BE8A305892E000728144 /* LinguaSignIn in Frameworks */,
			);
			runOnlyForDeploymentPostprocessing = 0;
		};
		AFB5BDE3305892E000728144 /* Frameworks */ = {
			isa = PBXFrameworksBuildPhase;
			buildActionMask = 2147483647;
			files = (
				AFB5BE8B305892E000728144 /* LinguaSignIn in Frameworks */,
			);
			runOnlyForDeploymentPostprocessing = 0;
		};
		AFB5BDEF305892E000728144 /* Frameworks */ = {
			isa = PBXFrameworksBuildPhase;
			buildActionMask = 2147483647;
			files = (
				AFB5BE83305892E000728144 /* LinguaSignIn in Frameworks */,
			);
			runOnlyForDeploymentPostprocessing = 0;
		};
		AFB5BDF9305892E000728144 /* Frameworks */ = {
			isa = PBXFrameworksBuildPhase;
			buildActionMask = 2147483647;
			files = (
				AFB5BE84305892E000728144 /* LinguaSignIn in Frameworks */,
			);
			runOnlyForDeploymentPostprocessing = 0;
		};
/* End PBXFrameworksBuildPhase section */

/* Begin PBXGroup section */
		AFB5BDC0305892DF00728144 = {
			isa = PBXGroup;
			children = (
				AFB5BDC5305892DF00728144 /* Shared (App) */,
				AFB5BDCE305892E000728144 /* Shared (Extension) */,
				AFB5BDD6305892E000728144 /* iOS (App) */,
				AFB5BDE7305892E000728144 /* macOS (App) */,
				AFB5BDF6305892E000728144 /* iOS (Extension) */,
				AFB5BE00305892E000728144 /* macOS (Extension) */,
				AFB5BDD5305892E000728144 /* Products */,
			);
			sourceTree = "<group>";
		};
		AFB5BDC5305892DF00728144 /* Shared (App) */ = {
			isa = PBXGroup;
			children = (
				AFB5BE8C305892E000728144 /* GoogleWebSignIn.swift */,
				AFB5BE85305892E000728144 /* SignInView.swift */,
				AFB5BDCC305892DF00728144 /* ViewController.swift */,
				AFB5BDCD305892E000728144 /* Assets.xcassets */,
				AFB5BDC6305892DF00728144 /* Resources */,
			);
			path = "Shared (App)";
			sourceTree = "<group>";
		};
		AFB5BDC6305892DF00728144 /* Resources */ = {
			isa = PBXGroup;
			children = (
				AFB5BDC7305892DF00728144 /* Main.html */,
				AFB5BDC9305892DF00728144 /* Icon.png */,
				AFB5BDCA305892DF00728144 /* Style.css */,
				AFB5BDCB305892DF00728144 /* Script.js */,
			);
			path = Resources;
			sourceTree = "<group>";
		};
		AFB5BDCE305892E000728144 /* Shared (Extension) */ = {
			isa = PBXGroup;
			children = (
				AFB5BDCF305892E000728144 /* SafariWebExtensionHandler.swift */,
			);
			path = "Shared (Extension)";
			sourceTree = "<group>";
		};
		AFB5BDD5305892E000728144 /* Products */ = {
			isa = PBXGroup;
			children = (
				AFB5BDD4305892E000728144 /* Cymbra Lingua.app */,
				AFB5BDE6305892E000728144 /* Cymbra Lingua.app */,
				AFB5BDF2305892E000728144 /* Cymbra Lingua Extension.appex */,
				AFB5BDFC305892E000728144 /* Cymbra Lingua Extension.appex */,
			);
			name = Products;
			sourceTree = "<group>";
		};
		AFB5BDD6305892E000728144 /* iOS (App) */ = {
			isa = PBXGroup;
			children = (
				AFB5BDD7305892E000728144 /* AppDelegate.swift */,
				AFB5BDD9305892E000728144 /* SceneDelegate.swift */,
				AFB5BDDB305892E000728144 /* LaunchScreen.storyboard */,
				AFB5BDDE305892E000728144 /* Main.storyboard */,
				AFB5BDE1305892E000728144 /* Info.plist */,
			);
			path = "iOS (App)";
			sourceTree = "<group>";
		};
		AFB5BDE7305892E000728144 /* macOS (App) */ = {
			isa = PBXGroup;
			children = (
				AFB5BDE8305892E000728144 /* AppDelegate.swift */,
				AFB5BDEA305892E000728144 /* Main.storyboard */,
				AFB5BDED305892E000728144 /* Info.plist */,
			);
			path = "macOS (App)";
			sourceTree = "<group>";
		};
		AFB5BDF6305892E000728144 /* iOS (Extension) */ = {
			isa = PBXGroup;
			children = (
				AFB5BDF7305892E000728144 /* Info.plist */,
			);
			path = "iOS (Extension)";
			sourceTree = "<group>";
		};
		AFB5BE00305892E000728144 /* macOS (Extension) */ = {
			isa = PBXGroup;
			children = (
				AFB5BE01305892E000728144 /* Info.plist */,
			);
			path = "macOS (Extension)";
			sourceTree = "<group>";
		};
/* End PBXGroup section */

/* Begin PBXNativeTarget section */
		AFB5BDD3305892E000728144 /* Cymbra Lingua (iOS) */ = {
			isa = PBXNativeTarget;
			buildConfigurationList = AFB5BE16305892E000728144 /* Build configuration list for PBXNativeTarget "Cymbra Lingua (iOS)" */;
			buildPhases = (
				AFB5BDD0305892E000728144 /* Sources */,
				AFB5BDD1305892E000728144 /* Frameworks */,
				AFB5BDD2305892E000728144 /* Resources */,
				AFB5BE15305892E000728144 /* Embed Foundation Extensions */,
			);
			buildRules = (
			);
			dependencies = (
				AFB5BDF5305892E000728144 /* PBXTargetDependency */,
			);
			name = "Cymbra Lingua (iOS)";
			packageProductDependencies = (
				AFB5BE88305892E000728144 /* LinguaSignIn */,
			);
			productName = "Cymbra Lingua (iOS)";
			productReference = AFB5BDD4305892E000728144 /* Cymbra Lingua.app */;
			productType = "com.apple.product-type.application";
		};
		AFB5BDE5305892E000728144 /* Cymbra Lingua (macOS) */ = {
			isa = PBXNativeTarget;
			buildConfigurationList = AFB5BE1D305892E000728144 /* Build configuration list for PBXNativeTarget "Cymbra Lingua (macOS)" */;
			buildPhases = (
				AFB5BDE2305892E000728144 /* Sources */,
				AFB5BDE3305892E000728144 /* Frameworks */,
				AFB5BDE4305892E000728144 /* Resources */,
				AFB5BE1C305892E000728144 /* Embed Foundation Extensions */,
			);
			buildRules = (
			);
			dependencies = (
				AFB5BDFF305892E000728144 /* PBXTargetDependency */,
			);
			name = "Cymbra Lingua (macOS)";
			packageProductDependencies = (
				AFB5BE89305892E000728144 /* LinguaSignIn */,
			);
			productName = "Cymbra Lingua (macOS)";
			productReference = AFB5BDE6305892E000728144 /* Cymbra Lingua.app */;
			productType = "com.apple.product-type.application";
		};
		AFB5BDF1305892E000728144 /* Cymbra Lingua Extension (iOS) */ = {
			isa = PBXNativeTarget;
			buildConfigurationList = AFB5BE12305892E000728144 /* Build configuration list for PBXNativeTarget "Cymbra Lingua Extension (iOS)" */;
			buildPhases = (
				AFB5BDEE305892E000728144 /* Sources */,
				AFB5BDEF305892E000728144 /* Frameworks */,
				AFB5BDF0305892E000728144 /* Resources */,
				AFB5BE7A305892E000728144 /* Copy Lingua extension */,
			);
			buildRules = (
			);
			dependencies = (
			);
			name = "Cymbra Lingua Extension (iOS)";
			packageProductDependencies = (
				AFB5BE81305892E000728144 /* LinguaSignIn */,
			);
			productName = "Cymbra Lingua Extension (iOS)";
			productReference = AFB5BDF2305892E000728144 /* Cymbra Lingua Extension.appex */;
			productType = "com.apple.product-type.app-extension";
		};
		AFB5BDFB305892E000728144 /* Cymbra Lingua Extension (macOS) */ = {
			isa = PBXNativeTarget;
			buildConfigurationList = AFB5BE19305892E000728144 /* Build configuration list for PBXNativeTarget "Cymbra Lingua Extension (macOS)" */;
			buildPhases = (
				AFB5BDF8305892E000728144 /* Sources */,
				AFB5BDF9305892E000728144 /* Frameworks */,
				AFB5BDFA305892E000728144 /* Resources */,
				AFB5BE7B305892E000728144 /* Copy Lingua extension */,
			);
			buildRules = (
			);
			dependencies = (
			);
			name = "Cymbra Lingua Extension (macOS)";
			packageProductDependencies = (
				AFB5BE82305892E000728144 /* LinguaSignIn */,
			);
			productName = "Cymbra Lingua Extension (macOS)";
			productReference = AFB5BDFC305892E000728144 /* Cymbra Lingua Extension.appex */;
			productType = "com.apple.product-type.app-extension";
		};
/* End PBXNativeTarget section */

/* Begin PBXProject section */
		AFB5BDC1305892DF00728144 /* Project object */ = {
			isa = PBXProject;
			attributes = {
				BuildIndependentTargetsInParallel = 1;
				LastSwiftUpdateCheck = 2660;
				LastUpgradeCheck = 2660;
				TargetAttributes = {
					AFB5BDD3305892E000728144 = {
						CreatedOnToolsVersion = 26.6;
					};
					AFB5BDE5305892E000728144 = {
						CreatedOnToolsVersion = 26.6;
					};
					AFB5BDF1305892E000728144 = {
						CreatedOnToolsVersion = 26.6;
					};
					AFB5BDFB305892E000728144 = {
						CreatedOnToolsVersion = 26.6;
					};
				};
			};
			buildConfigurationList = AFB5BDC4305892DF00728144 /* Build configuration list for PBXProject "Cymbra Lingua" */;
			developmentRegion = en;
			hasScannedForEncodings = 0;
			knownRegions = (
				en,
				Base,
			);
			mainGroup = AFB5BDC0305892DF00728144;
			minimizedProjectReferenceProxies = 1;
			packageReferences = (
				AFB5BE80305892E000728144 /* XCLocalSwiftPackageReference "LinguaSignIn" */,
			);
			preferredProjectObjectVersion = 77;
			productRefGroup = AFB5BDD5305892E000728144 /* Products */;
			projectDirPath = "";
			projectRoot = "";
			targets = (
				AFB5BDD3305892E000728144 /* Cymbra Lingua (iOS) */,
				AFB5BDE5305892E000728144 /* Cymbra Lingua (macOS) */,
				AFB5BDF1305892E000728144 /* Cymbra Lingua Extension (iOS) */,
				AFB5BDFB305892E000728144 /* Cymbra Lingua Extension (macOS) */,
			);
		};
/* End PBXProject section */

/* Begin PBXResourcesBuildPhase section */
		AFB5BDD2305892E000728144 /* Resources */ = {
			isa = PBXResourcesBuildPhase;
			buildActionMask = 2147483647;
			files = (
				AFB5BE04305892E000728144 /* Icon.png in Resources */,
				AFB5BDDD305892E000728144 /* LaunchScreen.storyboard in Resources */,
				AFB5BE02305892E000728144 /* Main.html in Resources */,
				AFB5BE08305892E000728144 /* Script.js in Resources */,
				AFB5BE0C305892E000728144 /* Assets.xcassets in Resources */,
				AFB5BDE0305892E000728144 /* Main.storyboard in Resources */,
				AFB5BE06305892E000728144 /* Style.css in Resources */,
			);
			runOnlyForDeploymentPostprocessing = 0;
		};
		AFB5BDE4305892E000728144 /* Resources */ = {
			isa = PBXResourcesBuildPhase;
			buildActionMask = 2147483647;
			files = (
				AFB5BE05305892E000728144 /* Icon.png in Resources */,
				AFB5BE07305892E000728144 /* Style.css in Resources */,
				AFB5BDEC305892E000728144 /* Main.storyboard in Resources */,
				AFB5BE09305892E000728144 /* Script.js in Resources */,
				AFB5BE0D305892E000728144 /* Assets.xcassets in Resources */,
				AFB5BE03305892E000728144 /* Main.html in Resources */,
			);
			runOnlyForDeploymentPostprocessing = 0;
		};
		AFB5BDF0305892E000728144 /* Resources */ = {
			isa = PBXResourcesBuildPhase;
			buildActionMask = 2147483647;
			files = (
																																													);
			runOnlyForDeploymentPostprocessing = 0;
		};
		AFB5BDFA305892E000728144 /* Resources */ = {
			isa = PBXResourcesBuildPhase;
			buildActionMask = 2147483647;
			files = (
																																													);
			runOnlyForDeploymentPostprocessing = 0;
		};
/* End PBXResourcesBuildPhase section */

/* Begin PBXShellScriptBuildPhase section */
		AFB5BE7A305892E000728144 /* Copy Lingua extension */ = {
			isa = PBXShellScriptBuildPhase;
			alwaysOutOfDate = 1;
			buildActionMask = 2147483647;
			files = (
			);
			inputFileListPaths = (
			);
			inputPaths = (
			);
			name = "Copy Lingua extension";
			outputFileListPaths = (
			);
			outputPaths = (
			);
			runOnlyForDeploymentPostprocessing = 0;
			shellPath = /bin/sh;
			shellScript = "# The extension is the safari build of apps/lingua-extension, copied at build time so this\n# project never keeps a snapshot that could drift. Build it first:\n#   cd apps/lingua-extension && yarn build:safari\nSRC=\"${SRCROOT}/../lingua-extension/dist-safari\"\nif [ ! -f \"${SRC}/manifest.json\" ]; then\n  echo \"error: ${SRC}/manifest.json is missing. Build the extension first: cd apps/lingua-extension && yarn build:safari\"\n  exit 1\nfi\nDEST=\"${TARGET_BUILD_DIR}/${UNLOCALIZED_RESOURCES_FOLDER_PATH}\"\nmkdir -p \"${DEST}\"\nrsync -a \"${SRC}/\" \"${DEST}/\"\n";
		};
		AFB5BE7B305892E000728144 /* Copy Lingua extension */ = {
			isa = PBXShellScriptBuildPhase;
			alwaysOutOfDate = 1;
			buildActionMask = 2147483647;
			files = (
			);
			inputFileListPaths = (
			);
			inputPaths = (
			);
			name = "Copy Lingua extension";
			outputFileListPaths = (
			);
			outputPaths = (
			);
			runOnlyForDeploymentPostprocessing = 0;
			shellPath = /bin/sh;
			shellScript = "# The extension is the safari build of apps/lingua-extension, copied at build time so this\n# project never keeps a snapshot that could drift. Build it first:\n#   cd apps/lingua-extension && yarn build:safari\nSRC=\"${SRCROOT}/../lingua-extension/dist-safari\"\nif [ ! -f \"${SRC}/manifest.json\" ]; then\n  echo \"error: ${SRC}/manifest.json is missing. Build the extension first: cd apps/lingua-extension && yarn build:safari\"\n  exit 1\nfi\nDEST=\"${TARGET_BUILD_DIR}/${UNLOCALIZED_RESOURCES_FOLDER_PATH}\"\nmkdir -p \"${DEST}\"\nrsync -a \"${SRC}/\" \"${DEST}/\"\n";
		};
/* End PBXShellScriptBuildPhase section */

/* Begin PBXSourcesBuildPhase section */
		AFB5BDD0305892E000728144 /* Sources */ = {
			isa = PBXSourcesBuildPhase;
			buildActionMask = 2147483647;
			files = (
				AFB5BE8D305892E000728144 /* GoogleWebSignIn.swift in Sources */,
				AFB5BE86305892E000728144 /* SignInView.swift in Sources */,
				AFB5BE0A305892E000728144 /* ViewController.swift in Sources */,
				AFB5BDD8305892E000728144 /* AppDelegate.swift in Sources */,
				AFB5BDDA305892E000728144 /* SceneDelegate.swift in Sources */,
			);
			runOnlyForDeploymentPostprocessing = 0;
		};
		AFB5BDE2305892E000728144 /* Sources */ = {
			isa = PBXSourcesBuildPhase;
			buildActionMask = 2147483647;
			files = (
				AFB5BE8E305892E000728144 /* GoogleWebSignIn.swift in Sources */,
				AFB5BE87305892E000728144 /* SignInView.swift in Sources */,
				AFB5BE0B305892E000728144 /* ViewController.swift in Sources */,
				AFB5BDE9305892E000728144 /* AppDelegate.swift in Sources */,
			);
			runOnlyForDeploymentPostprocessing = 0;
		};
		AFB5BDEE305892E000728144 /* Sources */ = {
			isa = PBXSourcesBuildPhase;
			buildActionMask = 2147483647;
			files = (
				AFB5BE0E305892E000728144 /* SafariWebExtensionHandler.swift in Sources */,
			);
			runOnlyForDeploymentPostprocessing = 0;
		};
		AFB5BDF8305892E000728144 /* Sources */ = {
			isa = PBXSourcesBuildPhase;
			buildActionMask = 2147483647;
			files = (
				AFB5BE0F305892E000728144 /* SafariWebExtensionHandler.swift in Sources */,
			);
			runOnlyForDeploymentPostprocessing = 0;
		};
/* End PBXSourcesBuildPhase section */

/* Begin PBXTargetDependency section */
		AFB5BDF5305892E000728144 /* PBXTargetDependency */ = {
			isa = PBXTargetDependency;
			target = AFB5BDF1305892E000728144 /* Cymbra Lingua Extension (iOS) */;
			targetProxy = AFB5BDF4305892E000728144 /* PBXContainerItemProxy */;
		};
		AFB5BDFF305892E000728144 /* PBXTargetDependency */ = {
			isa = PBXTargetDependency;
			target = AFB5BDFB305892E000728144 /* Cymbra Lingua Extension (macOS) */;
			targetProxy = AFB5BDFE305892E000728144 /* PBXContainerItemProxy */;
		};
/* End PBXTargetDependency section */

/* Begin PBXVariantGroup section */
		AFB5BDC7305892DF00728144 /* Main.html */ = {
			isa = PBXVariantGroup;
			children = (
				AFB5BDC8305892DF00728144 /* Base */,
			);
			name = Main.html;
			sourceTree = "<group>";
		};
		AFB5BDDB305892E000728144 /* LaunchScreen.storyboard */ = {
			isa = PBXVariantGroup;
			children = (
				AFB5BDDC305892E000728144 /* Base */,
			);
			name = LaunchScreen.storyboard;
			sourceTree = "<group>";
		};
		AFB5BDDE305892E000728144 /* Main.storyboard */ = {
			isa = PBXVariantGroup;
			children = (
				AFB5BDDF305892E000728144 /* Base */,
			);
			name = Main.storyboard;
			sourceTree = "<group>";
		};
		AFB5BDEA305892E000728144 /* Main.storyboard */ = {
			isa = PBXVariantGroup;
			children = (
				AFB5BDEB305892E000728144 /* Base */,
			);
			name = Main.storyboard;
			sourceTree = "<group>";
		};
/* End PBXVariantGroup section */

/* Begin XCBuildConfiguration section */
		AFB5BE10305892E000728144 /* Debug */ = {
			isa = XCBuildConfiguration;
			buildSettings = {
				ALWAYS_SEARCH_USER_PATHS = NO;
				ASSETCATALOG_COMPILER_GENERATE_SWIFT_ASSET_SYMBOL_EXTENSIONS = YES;
				CLANG_ANALYZER_NONNULL = YES;
				CLANG_ANALYZER_NUMBER_OBJECT_CONVERSION = YES_AGGRESSIVE;
				CLANG_CXX_LANGUAGE_STANDARD = "gnu++20";
				CLANG_ENABLE_MODULES = YES;
				CLANG_ENABLE_OBJC_ARC = YES;
				CLANG_ENABLE_OBJC_WEAK = YES;
				CLANG_WARN_BLOCK_CAPTURE_AUTORELEASING = YES;
				CLANG_WARN_BOOL_CONVERSION = YES;
				CLANG_WARN_COMMA = YES;
				CLANG_WARN_CONSTANT_CONVERSION = YES;
				CLANG_WARN_DEPRECATED_OBJC_IMPLEMENTATIONS = YES;
				CLANG_WARN_DIRECT_OBJC_ISA_USAGE = YES_ERROR;
				CLANG_WARN_DOCUMENTATION_COMMENTS = YES;
				CLANG_WARN_EMPTY_BODY = YES;
				CLANG_WARN_ENUM_CONVERSION = YES;
				CLANG_WARN_INFINITE_RECURSION = YES;
				CLANG_WARN_INT_CONVERSION = YES;
				CLANG_WARN_NON_LITERAL_NULL_CONVERSION = YES;
				CLANG_WARN_OBJC_IMPLICIT_RETAIN_SELF = YES;
				CLANG_WARN_OBJC_LITERAL_CONVERSION = YES;
				CLANG_WARN_OBJC_ROOT_CLASS = YES_ERROR;
				CLANG_WARN_QUOTED_INCLUDE_IN_FRAMEWORK_HEADER = YES;
				CLANG_WARN_RANGE_LOOP_ANALYSIS = YES;
				CLANG_WARN_STRICT_PROTOTYPES = YES;
				CLANG_WARN_SUSPICIOUS_MOVE = YES;
				CLANG_WARN_UNGUARDED_AVAILABILITY = YES_AGGRESSIVE;
				CLANG_WARN_UNREACHABLE_CODE = YES;
				CLANG_WARN__DUPLICATE_METHOD_MATCH = YES;
				COPY_PHASE_STRIP = NO;
				DEBUG_INFORMATION_FORMAT = dwarf;
				ENABLE_STRICT_OBJC_MSGSEND = YES;
				ENABLE_TESTABILITY = YES;
				DEVELOPMENT_TEAM = VMFJ6KRW77;
				LINGUA_GOOGLE_CLIENT_ID = "";
				ENABLE_USER_SCRIPT_SANDBOXING = NO;
				GCC_C_LANGUAGE_STANDARD = gnu17;
				GCC_DYNAMIC_NO_PIC = NO;
				GCC_NO_COMMON_BLOCKS = YES;
				GCC_OPTIMIZATION_LEVEL = 0;
				GCC_PREPROCESSOR_DEFINITIONS = (
					"DEBUG=1",
					"$(inherited)",
				);
				GCC_WARN_64_TO_32_BIT_CONVERSION = YES;
				GCC_WARN_ABOUT_RETURN_TYPE = YES_ERROR;
				GCC_WARN_UNDECLARED_SELECTOR = YES;
				GCC_WARN_UNINITIALIZED_AUTOS = YES_AGGRESSIVE;
				GCC_WARN_UNUSED_FUNCTION = YES;
				GCC_WARN_UNUSED_VARIABLE = YES;
				LOCALIZATION_PREFERS_STRING_CATALOGS = YES;
				MTL_ENABLE_DEBUG_INFO = INCLUDE_SOURCE;
				MTL_FAST_MATH = YES;
				ONLY_ACTIVE_ARCH = YES;
				SWIFT_ACTIVE_COMPILATION_CONDITIONS = "DEBUG $(inherited)";
				SWIFT_OPTIMIZATION_LEVEL = "-Onone";
			};
			name = Debug;
		};
		AFB5BE11305892E000728144 /* Release */ = {
			isa = XCBuildConfiguration;
			buildSettings = {
				ALWAYS_SEARCH_USER_PATHS = NO;
				ASSETCATALOG_COMPILER_GENERATE_SWIFT_ASSET_SYMBOL_EXTENSIONS = YES;
				CLANG_ANALYZER_NONNULL = YES;
				CLANG_ANALYZER_NUMBER_OBJECT_CONVERSION = YES_AGGRESSIVE;
				CLANG_CXX_LANGUAGE_STANDARD = "gnu++20";
				CLANG_ENABLE_MODULES = YES;
				CLANG_ENABLE_OBJC_ARC = YES;
				CLANG_ENABLE_OBJC_WEAK = YES;
				CLANG_WARN_BLOCK_CAPTURE_AUTORELEASING = YES;
				CLANG_WARN_BOOL_CONVERSION = YES;
				CLANG_WARN_COMMA = YES;
				CLANG_WARN_CONSTANT_CONVERSION = YES;
				CLANG_WARN_DEPRECATED_OBJC_IMPLEMENTATIONS = YES;
				CLANG_WARN_DIRECT_OBJC_ISA_USAGE = YES_ERROR;
				CLANG_WARN_DOCUMENTATION_COMMENTS = YES;
				CLANG_WARN_EMPTY_BODY = YES;
				CLANG_WARN_ENUM_CONVERSION = YES;
				CLANG_WARN_INFINITE_RECURSION = YES;
				CLANG_WARN_INT_CONVERSION = YES;
				CLANG_WARN_NON_LITERAL_NULL_CONVERSION = YES;
				CLANG_WARN_OBJC_IMPLICIT_RETAIN_SELF = YES;
				CLANG_WARN_OBJC_LITERAL_CONVERSION = YES;
				CLANG_WARN_OBJC_ROOT_CLASS = YES_ERROR;
				CLANG_WARN_QUOTED_INCLUDE_IN_FRAMEWORK_HEADER = YES;
				CLANG_WARN_RANGE_LOOP_ANALYSIS = YES;
				CLANG_WARN_STRICT_PROTOTYPES = YES;
				CLANG_WARN_SUSPICIOUS_MOVE = YES;
				CLANG_WARN_UNGUARDED_AVAILABILITY = YES_AGGRESSIVE;
				CLANG_WARN_UNREACHABLE_CODE = YES;
				CLANG_WARN__DUPLICATE_METHOD_MATCH = YES;
				COPY_PHASE_STRIP = NO;
				DEBUG_INFORMATION_FORMAT = "dwarf-with-dsym";
				ENABLE_NS_ASSERTIONS = NO;
				ENABLE_STRICT_OBJC_MSGSEND = YES;
				DEVELOPMENT_TEAM = VMFJ6KRW77;
				LINGUA_GOOGLE_CLIENT_ID = "";
				ENABLE_USER_SCRIPT_SANDBOXING = NO;
				GCC_C_LANGUAGE_STANDARD = gnu17;
				GCC_NO_COMMON_BLOCKS = YES;
				GCC_WARN_64_TO_32_BIT_CONVERSION = YES;
				GCC_WARN_ABOUT_RETURN_TYPE = YES_ERROR;
				GCC_WARN_UNDECLARED_SELECTOR = YES;
				GCC_WARN_UNINITIALIZED_AUTOS = YES_AGGRESSIVE;
				GCC_WARN_UNUSED_FUNCTION = YES;
				GCC_WARN_UNUSED_VARIABLE = YES;
				LOCALIZATION_PREFERS_STRING_CATALOGS = YES;
				MTL_ENABLE_DEBUG_INFO = NO;
				MTL_FAST_MATH = YES;
				SWIFT_COMPILATION_MODE = wholemodule;
			};
			name = Release;
		};
		AFB5BE13305892E000728144 /* Debug */ = {
			isa = XCBuildConfiguration;
			buildSettings = {
				CODE_SIGN_STYLE = Automatic;
				CODE_SIGN_ENTITLEMENTS = "iOS (Extension)/Cymbra Lingua Extension.entitlements";
				CURRENT_PROJECT_VERSION = 1;
				GENERATE_INFOPLIST_FILE = YES;
				INFOPLIST_FILE = "iOS (Extension)/Info.plist";
				INFOPLIST_KEY_CFBundleDisplayName = "Cymbra Lingua Extension";
				INFOPLIST_KEY_NSHumanReadableCopyright = "";
				IPHONEOS_DEPLOYMENT_TARGET = 17.2;
				LD_RUNPATH_SEARCH_PATHS = (
					"$(inherited)",
					"@executable_path/Frameworks",
					"@executable_path/../../Frameworks",
				);
				MARKETING_VERSION = 1.0;
				OTHER_LDFLAGS = (
					"-framework",
					SafariServices,
				);
				PRODUCT_BUNDLE_IDENTIFIER = com.cymbra.lingua.Extension;
				PRODUCT_NAME = "Cymbra Lingua Extension";
				SDKROOT = iphoneos;
				SKIP_INSTALL = YES;
				STRING_CATALOG_GENERATE_SYMBOLS = YES;
				SWIFT_APPROACHABLE_CONCURRENCY = YES;
				SWIFT_EMIT_LOC_STRINGS = YES;
				SWIFT_UPCOMING_FEATURE_MEMBER_IMPORT_VISIBILITY = YES;
				SWIFT_VERSION = 5.0;
				TARGETED_DEVICE_FAMILY = "1,2";
			};
			name = Debug;
		};
		AFB5BE14305892E000728144 /* Release */ = {
			isa = XCBuildConfiguration;
			buildSettings = {
				CODE_SIGN_STYLE = Automatic;
				CODE_SIGN_ENTITLEMENTS = "iOS (Extension)/Cymbra Lingua Extension.entitlements";
				CURRENT_PROJECT_VERSION = 1;
				GENERATE_INFOPLIST_FILE = YES;
				INFOPLIST_FILE = "iOS (Extension)/Info.plist";
				INFOPLIST_KEY_CFBundleDisplayName = "Cymbra Lingua Extension";
				INFOPLIST_KEY_NSHumanReadableCopyright = "";
				IPHONEOS_DEPLOYMENT_TARGET = 17.2;
				LD_RUNPATH_SEARCH_PATHS = (
					"$(inherited)",
					"@executable_path/Frameworks",
					"@executable_path/../../Frameworks",
				);
				MARKETING_VERSION = 1.0;
				OTHER_LDFLAGS = (
					"-framework",
					SafariServices,
				);
				PRODUCT_BUNDLE_IDENTIFIER = com.cymbra.lingua.Extension;
				PRODUCT_NAME = "Cymbra Lingua Extension";
				SDKROOT = iphoneos;
				SKIP_INSTALL = YES;
				STRING_CATALOG_GENERATE_SYMBOLS = YES;
				SWIFT_APPROACHABLE_CONCURRENCY = YES;
				SWIFT_EMIT_LOC_STRINGS = YES;
				SWIFT_UPCOMING_FEATURE_MEMBER_IMPORT_VISIBILITY = YES;
				SWIFT_VERSION = 5.0;
				TARGETED_DEVICE_FAMILY = "1,2";
				VALIDATE_PRODUCT = YES;
			};
			name = Release;
		};
		AFB5BE17305892E000728144 /* Debug */ = {
			isa = XCBuildConfiguration;
			buildSettings = {
				ASSETCATALOG_COMPILER_APPICON_NAME = AppIcon;
				ASSETCATALOG_COMPILER_GLOBAL_ACCENT_COLOR_NAME = AccentColor;
				CODE_SIGN_STYLE = Automatic;
				CODE_SIGN_ENTITLEMENTS = "iOS (App)/Cymbra Lingua.entitlements";
				CURRENT_PROJECT_VERSION = 1;
				GENERATE_INFOPLIST_FILE = YES;
				INFOPLIST_FILE = "iOS (App)/Info.plist";
				INFOPLIST_KEY_CFBundleDisplayName = "Cymbra Lingua";
				INFOPLIST_KEY_UIApplicationSupportsIndirectInputEvents = YES;
				INFOPLIST_KEY_UILaunchStoryboardName = LaunchScreen;
				INFOPLIST_KEY_UIMainStoryboardFile = Main;
				INFOPLIST_KEY_UISupportedInterfaceOrientations = "UIInterfaceOrientationPortrait UIInterfaceOrientationLandscapeLeft UIInterfaceOrientationLandscapeRight";
				INFOPLIST_KEY_UISupportedInterfaceOrientations_iPad = "UIInterfaceOrientationPortrait UIInterfaceOrientationPortraitUpsideDown UIInterfaceOrientationLandscapeLeft UIInterfaceOrientationLandscapeRight";
				IPHONEOS_DEPLOYMENT_TARGET = 17.2;
				LD_RUNPATH_SEARCH_PATHS = (
					"$(inherited)",
					"@executable_path/Frameworks",
				);
				MARKETING_VERSION = 1.0;
				OTHER_LDFLAGS = (
					"-framework",
					SafariServices,
					"-framework",
					WebKit,
				);
				PRODUCT_BUNDLE_IDENTIFIER = com.cymbra.lingua;
				PRODUCT_NAME = "Cymbra Lingua";
				SDKROOT = iphoneos;
				STRING_CATALOG_GENERATE_SYMBOLS = YES;
				SWIFT_APPROACHABLE_CONCURRENCY = YES;
				SWIFT_DEFAULT_ACTOR_ISOLATION = MainActor;
				SWIFT_EMIT_LOC_STRINGS = YES;
				SWIFT_UPCOMING_FEATURE_MEMBER_IMPORT_VISIBILITY = YES;
				SWIFT_VERSION = 5.0;
				TARGETED_DEVICE_FAMILY = "1,2";
			};
			name = Debug;
		};
		AFB5BE18305892E000728144 /* Release */ = {
			isa = XCBuildConfiguration;
			buildSettings = {
				ASSETCATALOG_COMPILER_APPICON_NAME = AppIcon;
				ASSETCATALOG_COMPILER_GLOBAL_ACCENT_COLOR_NAME = AccentColor;
				CODE_SIGN_STYLE = Automatic;
				CODE_SIGN_ENTITLEMENTS = "iOS (App)/Cymbra Lingua.entitlements";
				CURRENT_PROJECT_VERSION = 1;
				GENERATE_INFOPLIST_FILE = YES;
				INFOPLIST_FILE = "iOS (App)/Info.plist";
				INFOPLIST_KEY_CFBundleDisplayName = "Cymbra Lingua";
				INFOPLIST_KEY_UIApplicationSupportsIndirectInputEvents = YES;
				INFOPLIST_KEY_UILaunchStoryboardName = LaunchScreen;
				INFOPLIST_KEY_UIMainStoryboardFile = Main;
				INFOPLIST_KEY_UISupportedInterfaceOrientations = "UIInterfaceOrientationPortrait UIInterfaceOrientationLandscapeLeft UIInterfaceOrientationLandscapeRight";
				INFOPLIST_KEY_UISupportedInterfaceOrientations_iPad = "UIInterfaceOrientationPortrait UIInterfaceOrientationPortraitUpsideDown UIInterfaceOrientationLandscapeLeft UIInterfaceOrientationLandscapeRight";
				IPHONEOS_DEPLOYMENT_TARGET = 17.2;
				LD_RUNPATH_SEARCH_PATHS = (
					"$(inherited)",
					"@executable_path/Frameworks",
				);
				MARKETING_VERSION = 1.0;
				OTHER_LDFLAGS = (
					"-framework",
					SafariServices,
					"-framework",
					WebKit,
				);
				PRODUCT_BUNDLE_IDENTIFIER = com.cymbra.lingua;
				PRODUCT_NAME = "Cymbra Lingua";
				SDKROOT = iphoneos;
				STRING_CATALOG_GENERATE_SYMBOLS = YES;
				SWIFT_APPROACHABLE_CONCURRENCY = YES;
				SWIFT_DEFAULT_ACTOR_ISOLATION = MainActor;
				SWIFT_EMIT_LOC_STRINGS = YES;
				SWIFT_UPCOMING_FEATURE_MEMBER_IMPORT_VISIBILITY = YES;
				SWIFT_VERSION = 5.0;
				TARGETED_DEVICE_FAMILY = "1,2";
				VALIDATE_PRODUCT = YES;
			};
			name = Release;
		};
		AFB5BE1A305892E000728144 /* Debug */ = {
			isa = XCBuildConfiguration;
			buildSettings = {
				CODE_SIGN_STYLE = Automatic;
				CODE_SIGN_ENTITLEMENTS = "macOS (Extension)/Cymbra Lingua Extension.entitlements";
				CURRENT_PROJECT_VERSION = 1;
				ENABLE_APP_SANDBOX = YES;
				ENABLE_HARDENED_RUNTIME = YES;
				ENABLE_USER_SELECTED_FILES = readonly;
				GENERATE_INFOPLIST_FILE = YES;
				INFOPLIST_FILE = "macOS (Extension)/Info.plist";
				INFOPLIST_KEY_CFBundleDisplayName = "Cymbra Lingua Extension";
				INFOPLIST_KEY_NSHumanReadableCopyright = "";
				LD_RUNPATH_SEARCH_PATHS = (
					"$(inherited)",
					"@executable_path/../Frameworks",
					"@executable_path/../../../../Frameworks",
				);
				MACOSX_DEPLOYMENT_TARGET = 12.0;
				MARKETING_VERSION = 1.0;
				OTHER_LDFLAGS = (
					"-framework",
					SafariServices,
				);
				PRODUCT_BUNDLE_IDENTIFIER = com.cymbra.lingua.Extension;
				PRODUCT_NAME = "Cymbra Lingua Extension";
				SDKROOT = macosx;
				SKIP_INSTALL = YES;
				STRING_CATALOG_GENERATE_SYMBOLS = YES;
				SWIFT_APPROACHABLE_CONCURRENCY = YES;
				SWIFT_EMIT_LOC_STRINGS = YES;
				SWIFT_UPCOMING_FEATURE_MEMBER_IMPORT_VISIBILITY = YES;
				SWIFT_VERSION = 5.0;
			};
			name = Debug;
		};
		AFB5BE1B305892E000728144 /* Release */ = {
			isa = XCBuildConfiguration;
			buildSettings = {
				CODE_SIGN_STYLE = Automatic;
				CODE_SIGN_ENTITLEMENTS = "macOS (Extension)/Cymbra Lingua Extension.entitlements";
				CURRENT_PROJECT_VERSION = 1;
				ENABLE_APP_SANDBOX = YES;
				ENABLE_HARDENED_RUNTIME = YES;
				ENABLE_USER_SELECTED_FILES = readonly;
				GENERATE_INFOPLIST_FILE = YES;
				INFOPLIST_FILE = "macOS (Extension)/Info.plist";
				INFOPLIST_KEY_CFBundleDisplayName = "Cymbra Lingua Extension";
				INFOPLIST_KEY_NSHumanReadableCopyright = "";
				LD_RUNPATH_SEARCH_PATHS = (
					"$(inherited)",
					"@executable_path/../Frameworks",
					"@executable_path/../../../../Frameworks",
				);
				MACOSX_DEPLOYMENT_TARGET = 12.0;
				MARKETING_VERSION = 1.0;
				OTHER_LDFLAGS = (
					"-framework",
					SafariServices,
				);
				PRODUCT_BUNDLE_IDENTIFIER = com.cymbra.lingua.Extension;
				PRODUCT_NAME = "Cymbra Lingua Extension";
				SDKROOT = macosx;
				SKIP_INSTALL = YES;
				STRING_CATALOG_GENERATE_SYMBOLS = YES;
				SWIFT_APPROACHABLE_CONCURRENCY = YES;
				SWIFT_EMIT_LOC_STRINGS = YES;
				SWIFT_UPCOMING_FEATURE_MEMBER_IMPORT_VISIBILITY = YES;
				SWIFT_VERSION = 5.0;
			};
			name = Release;
		};
		AFB5BE1E305892E000728144 /* Debug */ = {
			isa = XCBuildConfiguration;
			buildSettings = {
				ASSETCATALOG_COMPILER_APPICON_NAME = AppIcon;
				ASSETCATALOG_COMPILER_GLOBAL_ACCENT_COLOR_NAME = AccentColor;
				CODE_SIGN_STYLE = Automatic;
				CODE_SIGN_ENTITLEMENTS = "macOS (App)/Cymbra Lingua.entitlements";
				CURRENT_PROJECT_VERSION = 1;
				ENABLE_APP_SANDBOX = YES;
				ENABLE_HARDENED_RUNTIME = YES;
				ENABLE_OUTGOING_NETWORK_CONNECTIONS = YES;
				ENABLE_USER_SELECTED_FILES = readonly;
				GENERATE_INFOPLIST_FILE = YES;
				INFOPLIST_FILE = "macOS (App)/Info.plist";
				INFOPLIST_KEY_CFBundleDisplayName = "Cymbra Lingua";
				INFOPLIST_KEY_NSMainStoryboardFile = Main;
				INFOPLIST_KEY_NSPrincipalClass = NSApplication;
				LD_RUNPATH_SEARCH_PATHS = (
					"$(inherited)",
					"@executable_path/../Frameworks",
				);
				MACOSX_DEPLOYMENT_TARGET = 12.0;
				MARKETING_VERSION = 1.0;
				OTHER_LDFLAGS = (
					"-framework",
					SafariServices,
					"-framework",
					WebKit,
				);
				PRODUCT_BUNDLE_IDENTIFIER = com.cymbra.lingua;
				PRODUCT_NAME = "Cymbra Lingua";
				REGISTER_APP_GROUPS = YES;
				SDKROOT = macosx;
				STRING_CATALOG_GENERATE_SYMBOLS = YES;
				SWIFT_APPROACHABLE_CONCURRENCY = YES;
				SWIFT_DEFAULT_ACTOR_ISOLATION = MainActor;
				SWIFT_EMIT_LOC_STRINGS = YES;
				SWIFT_UPCOMING_FEATURE_MEMBER_IMPORT_VISIBILITY = YES;
				SWIFT_VERSION = 5.0;
			};
			name = Debug;
		};
		AFB5BE1F305892E000728144 /* Release */ = {
			isa = XCBuildConfiguration;
			buildSettings = {
				ASSETCATALOG_COMPILER_APPICON_NAME = AppIcon;
				ASSETCATALOG_COMPILER_GLOBAL_ACCENT_COLOR_NAME = AccentColor;
				CODE_SIGN_STYLE = Automatic;
				CODE_SIGN_ENTITLEMENTS = "macOS (App)/Cymbra Lingua.entitlements";
				CURRENT_PROJECT_VERSION = 1;
				ENABLE_APP_SANDBOX = YES;
				ENABLE_HARDENED_RUNTIME = YES;
				ENABLE_OUTGOING_NETWORK_CONNECTIONS = YES;
				ENABLE_USER_SELECTED_FILES = readonly;
				GENERATE_INFOPLIST_FILE = YES;
				INFOPLIST_FILE = "macOS (App)/Info.plist";
				INFOPLIST_KEY_CFBundleDisplayName = "Cymbra Lingua";
				INFOPLIST_KEY_NSMainStoryboardFile = Main;
				INFOPLIST_KEY_NSPrincipalClass = NSApplication;
				LD_RUNPATH_SEARCH_PATHS = (
					"$(inherited)",
					"@executable_path/../Frameworks",
				);
				MACOSX_DEPLOYMENT_TARGET = 12.0;
				MARKETING_VERSION = 1.0;
				OTHER_LDFLAGS = (
					"-framework",
					SafariServices,
					"-framework",
					WebKit,
				);
				PRODUCT_BUNDLE_IDENTIFIER = com.cymbra.lingua;
				PRODUCT_NAME = "Cymbra Lingua";
				REGISTER_APP_GROUPS = YES;
				SDKROOT = macosx;
				STRING_CATALOG_GENERATE_SYMBOLS = YES;
				SWIFT_APPROACHABLE_CONCURRENCY = YES;
				SWIFT_DEFAULT_ACTOR_ISOLATION = MainActor;
				SWIFT_EMIT_LOC_STRINGS = YES;
				SWIFT_UPCOMING_FEATURE_MEMBER_IMPORT_VISIBILITY = YES;
				SWIFT_VERSION = 5.0;
			};
			name = Release;
		};
/* End XCBuildConfiguration section */

/* Begin XCConfigurationList section */
		AFB5BDC4305892DF00728144 /* Build configuration list for PBXProject "Cymbra Lingua" */ = {
			isa = XCConfigurationList;
			buildConfigurations = (
				AFB5BE10305892E000728144 /* Debug */,
				AFB5BE11305892E000728144 /* Release */,
			);
			defaultConfigurationIsVisible = 0;
			defaultConfigurationName = Release;
		};
		AFB5BE12305892E000728144 /* Build configuration list for PBXNativeTarget "Cymbra Lingua Extension (iOS)" */ = {
			isa = XCConfigurationList;
			buildConfigurations = (
				AFB5BE13305892E000728144 /* Debug */,
				AFB5BE14305892E000728144 /* Release */,
			);
			defaultConfigurationIsVisible = 0;
			defaultConfigurationName = Release;
		};
		AFB5BE16305892E000728144 /* Build configuration list for PBXNativeTarget "Cymbra Lingua (iOS)" */ = {
			isa = XCConfigurationList;
			buildConfigurations = (
				AFB5BE17305892E000728144 /* Debug */,
				AFB5BE18305892E000728144 /* Release */,
			);
			defaultConfigurationIsVisible = 0;
			defaultConfigurationName = Release;
		};
		AFB5BE19305892E000728144 /* Build configuration list for PBXNativeTarget "Cymbra Lingua Extension (macOS)" */ = {
			isa = XCConfigurationList;
			buildConfigurations = (
				AFB5BE1A305892E000728144 /* Debug */,
				AFB5BE1B305892E000728144 /* Release */,
			);
			defaultConfigurationIsVisible = 0;
			defaultConfigurationName = Release;
		};
		AFB5BE1D305892E000728144 /* Build configuration list for PBXNativeTarget "Cymbra Lingua (macOS)" */ = {
			isa = XCConfigurationList;
			buildConfigurations = (
				AFB5BE1E305892E000728144 /* Debug */,
				AFB5BE1F305892E000728144 /* Release */,
			);
			defaultConfigurationIsVisible = 0;
			defaultConfigurationName = Release;
		};
/* End XCConfigurationList section */

/* Begin XCLocalSwiftPackageReference section */
		AFB5BE80305892E000728144 /* XCLocalSwiftPackageReference "LinguaSignIn" */ = {
			isa = XCLocalSwiftPackageReference;
			relativePath = LinguaSignIn;
		};
/* End XCLocalSwiftPackageReference section */

/* Begin XCSwiftPackageProductDependency section */
		AFB5BE81305892E000728144 /* LinguaSignIn */ = {
			isa = XCSwiftPackageProductDependency;
			package = AFB5BE80305892E000728144 /* XCLocalSwiftPackageReference "LinguaSignIn" */;
			productName = LinguaSignIn;
		};
		AFB5BE82305892E000728144 /* LinguaSignIn */ = {
			isa = XCSwiftPackageProductDependency;
			package = AFB5BE80305892E000728144 /* XCLocalSwiftPackageReference "LinguaSignIn" */;
			productName = LinguaSignIn;
		};
		AFB5BE88305892E000728144 /* LinguaSignIn */ = {
			isa = XCSwiftPackageProductDependency;
			package = AFB5BE80305892E000728144 /* XCLocalSwiftPackageReference "LinguaSignIn" */;
			productName = LinguaSignIn;
		};
		AFB5BE89305892E000728144 /* LinguaSignIn */ = {
			isa = XCSwiftPackageProductDependency;
			package = AFB5BE80305892E000728144 /* XCLocalSwiftPackageReference "LinguaSignIn" */;
			productName = LinguaSignIn;
		};
/* End XCSwiftPackageProductDependency section */
	};
	rootObject = AFB5BDC1305892DF00728144 /* Project object */;
}
