PODS:
  - Flutter (1.0.0)
  - integration_test (0.0.1):
    - Flutter
  - rust_lib_music (0.0.1):
    - Flutter

DEPENDENCIES:
  - Flutter (from `Flutter`)
  - integration_test (from `.symlinks/plugins/integration_test/ios`)
  - rust_lib_music (from `.symlinks/plugins/rust_lib_music/ios`)

EXTERNAL SOURCES:
  Flutter:
    :path: Flutter
  integration_test:
    :path: ".symlinks/plugins/integration_test/ios"
  rust_lib_music:
    :path: ".symlinks/plugins/rust_lib_music/ios"

SPEC CHECKSUMS:
  Flutter: cabc95a1d2626b1b06e7179b784ebcf0c0cde467
  integration_test: 252f60fa39af5e17c3aa9899d35d908a0721b573
  rust_lib_music: fbd132ed0e4c09507a7296d71cd1ad0ae6dd92fa

PODFILE CHECKSUM: 3c63482e143d1b91d2d2560aee9fb04ecc74ac7e

COCOAPODS: 1.15.2
